{
  "requires": true,
  "lockfileVersion": 1,
  "dependencies": {
    "camelcase-css": {
      "version": "2.0.1",
      "resolved": "https://registry.npmjs.org/camelcase-css/-/camelcase-css-2.0.1.tgz",
      "integrity": "sha512-QOSvevhslijgYwRx6Rv7zKdMF8lbRmx+uQGx2+vDc+KI/eBnsy9kit5aj23AgGu3pa4t9AgwbnXWqS+iOY+2aA==",
      "dev": true
    },
    "css-selector-tokenizer": {
      "version": "0.8.0",
      "resolved": "https://registry.npmjs.org/css-selector-tokenizer/-/css-selector-tokenizer-0.8.0.tgz",
      "integrity": "sha512-Jd6Ig3/pe62/qe5SBPTN8h8LeUg/pT4lLgtavPf7updwwHpvFzxvOQBHYj2LZDMjUnBzgvIUSjRcf6oT5HzHFg==",
      "dev": true,
      "requires": {
        "cssesc": "^3.0.0",
        "fastparse": "^1.1.2"
      }
    },
    "cssesc": {
      "version": "3.0.0",
      "resolved": "https://registry.npmjs.org/cssesc/-/cssesc-3.0.0.tgz",
      "integrity": "sha512-/Tb/JcjK111nNScGob5MNtsntNM1aCNUDipB/TkwZFhyDrrE47SOx/18wF2bbjgc3ZzCSKW1T5nt5EbFoAz/Vg==",
      "dev": true
    },
    "culori": {
      "version": "3.3.0",
      "resolved": "https://registry.npmjs.org/culori/-/culori-3.3.0.tgz",
      "integrity": "sha512-pHJg+jbuFsCjz9iclQBqyL3B2HLCBF71BwVNujUYEvCeQMvV97R59MNK3R2+jgJ3a1fcZgI9B3vYgz8lzr/BFQ==",
      "dev": true
    },
    "daisyui": {
      "version": "4.12.12",
      "resolved": "https://registry.npmjs.org/daisyui/-/daisyui-4.12.12.tgz",
      "integrity": "sha512-xmCZ4piuWOjhNyB0VDKczB5vKFCipTA7UxaZNOzCz6cT8kvWgv5BDtUo+Hk9gOFufByOlfuBdzLpfhY5GsebTQ==",
      "dev": true,
      "requires": {
        "css-selector-tokenizer": "^0.8",
        "culori": "^3",
        "picocolors": "^1",
        "postcss-js": "^4"
      }
    },
    "fastparse": {
      "version": "1.1.2",
      "resolved": "https://registry.npmjs.org/fastparse/-/fastparse-1.1.2.tgz",
      "integrity": "sha512-483XLLxTVIwWK3QTrMGRqUfUpoOs/0hbQrl2oz4J0pAcm3A3bu84wxTFqGqkJzewCLdME38xJLJAxBABfQT8sQ==",
      "dev": true
    },
    "picocolors": {
      "version": "1.1.0",
      "resolved": "https://registry.npmjs.org/picocolors/-/picocolors-1.1.0.tgz",
      "integrity": "sha512-TQ92mBOW0l3LeMeyLV6mzy/kWr8lkd/hp3mTg7wYK7zJhuBStmGMBG0BdeDZS/dZx1IukaX6Bk11zcln25o1Aw==",
      "dev": true
    },
    "postcss-js": {
      "version": "4.0.1",
      "resolved": "https://registry.npmjs.org/postcss-js/-/postcss-js-4.0.1.tgz",
      "integrity": "sha512-dDLF8pEO191hJMtlHFPRa8xsizHaM82MLfNkUHdUtVEV3tgTp5oj+8qbEqYM57SLfc74KSbw//4SeJma2LRVIw==",
      "dev": true,
      "requires": {
        "camelcase-css": "^2.0.1"
      }
    }
  }
}
